
Microsoft Visual Studio Solution File, Format Version 12.00
# Visual Studio Version 16
VisualStudioVersion = 16.0.29418.71
MinimumVisualStudioVersion = 10.0.40219.1
Project("{2150E333-8FDC-42A3-9474-1A3956D46DE8}") = "Authentication", "Authentication", "{26A0E747-34AC-4447-A10D-DD5CF69FDA44}"
EndProject
Project("{9A19103F-16F7-4668-BE54-9A1E7A4F7556}") = "AuthenticationFrontend", "AuthenticationFrontend\AuthenticationFrontend.csproj", "{54A933E6-F3E1-4E74-9AE6-2C00CED347BE}"
EndProject
Project("{9A19103F-16F7-4668-BE54-9A1E7A4F7556}") = "AuthenticationService", "AuthenticationService\AuthenticationService.csproj", "{7A8D05C1-F1E0-450E-B38F-4821270FB0F5}"
EndProject
Project("{2150E333-8FDC-42A3-9474-1A3956D46DE8}") = "Shared", "Shared", "{89C9BDBB-A9E5-47F0-AF4D-08D486A69824}"
EndProject
Project("{9A19103F-16F7-4668-BE54-9A1E7A4F7556}") = "Shared.Data", "Shared.Data\Shared.Data.csproj", "{203C298F-5D26-4823-8177-FF6DF5D52340}"
EndProject
Global
	GlobalSection(SolutionConfigurationPlatforms) = preSolution
		Debug|Any CPU = Debug|Any CPU
		Release|Any CPU = Release|Any CPU
	EndGlobalSection
	GlobalSection(ProjectConfigurationPlatforms) = postSolution
		{54A933E6-F3E1-4E74-9AE6-2C00CED347BE}.Debug|Any CPU.ActiveCfg = Debug|Any CPU
		{54A933E6-F3E1-4E74-9AE6-2C00CED347BE}.Debug|Any CPU.Build.0 = Debug|Any CPU
		{54A933E6-F3E1-4E74-9AE6-2C00CED347BE}.Release|Any CPU.ActiveCfg = Release|Any CPU
		{54A933E6-F3E1-4E74-9AE6-2C00CED347BE}.Release|Any CPU.Build.0 = Release|Any CPU
		{7A8D05C1-F1E0-450E-B38F-4821270FB0F5}.Debug|Any CPU.ActiveCfg = Debug|Any CPU
		{7A8D05C1-F1E0-450E-B38F-4821270FB0F5}.Debug|Any CPU.Build.0 = Debug|Any CPU
		{7A8D05C1-F1E0-450E-B38F-4821270FB0F5}.Release|Any CPU.ActiveCfg = Release|Any CPU
		{7A8D05C1-F1E0-450E-B38F-4821270FB0F5}.Release|Any CPU.Build.0 = Release|Any CPU
		{203C298F-5D26-4823-8177-FF6DF5D52340}.Debug|Any CPU.ActiveCfg = Debug|Any CPU
		{203C298F-5D26-4823-8177-FF6DF5D52340}.Debug|Any CPU.Build.0 = Debug|Any CPU
		{203C298F-5D26-4823-8177-FF6DF5D52340}.Release|Any CPU.ActiveCfg = Release|Any CPU
		{203C298F-5D26-4823-8177-FF6DF5D52340}.Release|Any CPU.Build.0 = Release|Any CPU
	EndGlobalSection
	GlobalSection(SolutionProperties) = preSolution
		HideSolutionNode = FALSE
	EndGlobalSection
	GlobalSection(NestedProjects) = preSolution
		{54A933E6-F3E1-4E74-9AE6-2C00CED347BE} = {26A0E747-34AC-4447-A10D-DD5CF69FDA44}
		{7A8D05C1-F1E0-450E-B38F-4821270FB0F5} = {26A0E747-34AC-4447-A10D-DD5CF69FDA44}
		{203C298F-5D26-4823-8177-FF6DF5D52340} = {89C9BDBB-A9E5-47F0-AF4D-08D486A69824}
	EndGlobalSection
	GlobalSection(ExtensibilityGlobals) = postSolution
		SolutionGuid = {EC24D63C-4856-43AA-9DB1-E88462E69191}
	EndGlobalSection
EndGlobal
